{
    "_meta": {
        "hash": {
            "sha256": "abbd51bd4016c27d4c37ee6b1f65c9c7dfb564fa3d2bd44fbec5ab0e171a3eb2"
        },
        "pipfile-spec": 6,
        "requires": {
            "python_version": "3.6"
        },
        "sources": [
            {
                "name": "pypi",
                "url": "https://pypi.org/simple",
                "verify_ssl": true
            }
        ]
    },
    "default": {
        "django": {
            "hashes": [
                "sha256:7c3543e4fb070d14e10926189a7fcf42ba919263b7473dceaefce34d54e8a119",
                "sha256:a2814bffd1f007805b19194eb0b9a331933b82bd5da1c3ba3d7b7ba16e06dc4b"
            ],
            "index": "pypi",
            "version": "==2.2"
        },
        "django-environ": {
            "hashes": [
                "sha256:6c9d87660142608f63ec7d5ce5564c49b603ea8ff25da595fd6098f6dc82afde",
                "sha256:c57b3c11ec1f319d9474e3e5a79134f40174b17c7cc024bbb2fad84646b120c4"
            ],
            "index": "pypi",
            "version": "==0.4.5"
        },
        "ortools": {
            "hashes": [
                "sha256:05d19a9dfa18e7362e8dcf943175677d674e93c8e0c2ffa0c1a25d7a3ddb86ff",
                "sha256:1dd51bc97ffc15b39bd9d960f22dbd23c592ec667e9d7051746d69353b228113",
                "sha256:536c81daa03389b19e6f84cd2747742d6a7bfcd067e7885158a665b8c19ef572",
                "sha256:5a2ad183bf4954605e18354bd4e7fde6b952ddb67ca64c3eb0235fbf6c074218",
                "sha256:625785b152324c88a9e6c4440b04bd9af0a00a771db7da55e30b762aebab5afc",
                "sha256:847573b97573b3d32e3d370abb604c8977b73b1c6e995b52f48ca4ff6d1cd0c1",
                "sha256:9e152c9dcb54e8c0a3b3b048a9462d2da3357032f69fe343d2c8a3a4c0d1dac6",
                "sha256:a18024e0accf6d5fb9e0df571a6d706bed6af2b2dc48b07620e96095f00a59d3",
                "sha256:cd51472d4dcb0b44b2c154a0011bd32f88d0206b1879b99a5b7e302dc9edf14b",
                "sha256:cdd7eab2ac49fc5bb1f643f1a20af04ae599f9c393996558f1f754a3829d4416",
                "sha256:d2efa542095aa32651f4989466d5bdbf331060df99022890a641c0747294eb22",
                "sha256:e0a0482a90a7e3375551b441aae80d0cbeb0003579e89c5e880d03a5c700f4f2",
                "sha256:e233d4baee7ec4b3014e6c7b558c97b09225446d218bb3df378cfbb2f84d4082",
                "sha256:e5cfbb9e03a05a8d98f217c2074706bb50ea662d84aad541ff8e8576610bfa68"
            ],
            "index": "pypi",
            "version": "==7.0.6546"
        },
        "protobuf": {
            "hashes": [
                "sha256:21e395d7959551e759d604940a115c51c6347d90a475c9baf471a1a86b5604a9",
                "sha256:57e05e16955aee9e6a0389fcbd58d8289dd2420e47df1a1096b3a232c26eb2dd",
                "sha256:67819e8e48a74c68d87f25cad9f40edfe2faf278cdba5ca73173211b9213b8c9",
                "sha256:75da7d43a2c8a13b0bc7238ab3c8ae217cbfd5979d33b01e98e1f78defb2d060",
                "sha256:78e08371e236f193ce947712c072542ff19d0043ab5318c2ea46bbc2aaebdca6",
                "sha256:7ee5b595db5abb0096e8c4755e69c20dfad38b2d0bcc9bc7bafc652d2496b471",
                "sha256:86260ecfe7a66c0e9d82d2c61f86a14aa974d340d159b829b26f35f710f615db",
                "sha256:92c77db4bd33ea4ee5f15152a835273f2338a5246b2cbb84bab5d0d7f6e9ba94",
                "sha256:9c7b90943e0e188394b4f068926a759e3b4f63738190d1ab3d500d53b9ce7614",
                "sha256:a77f217ea50b2542bae5b318f7acee50d9fc8c95dd6d3656eaeff646f7cab5ee",
                "sha256:ad589ed1d1f83db22df867b10e01fe445516a5a4d7cfa37fe3590a5f6cfc508b",
                "sha256:b06a794901bf573f4b2af87e6139e5cd36ac7c91ac85d7ae3fe5b5f6fc317513",
                "sha256:bd8592cc5f8b4371d0bad92543370d4658dc41a5ccaaf105597eb5524c616291",
                "sha256:be48e5a6248a928ec43adf2bea037073e5da692c0b3c10b34f9904793bd63138",
                "sha256:cc5eb13f5ccc4b1b642cc147c2cdd121a34278b341c7a4d79e91182fff425836",
                "sha256:cd3b0e0ad69b74ee55e7c321f52a98effed2b4f4cc9a10f3683d869de00590d5",
                "sha256:d6e88c4920660aa75c0c2c4b53407aef5efd9a6e0ca7d2fc84d79aba2ccbda3a",
                "sha256:ec3c49b6d247152e19110c3a53d9bb4cf917747882017f70796460728b02722e"
            ],
            "version": "==3.7.1"
        },
        "psycopg2-binary": {
            "hashes": [
                "sha256:007ca0df127b1862fc010125bc4100b7a630efc6841047bd11afceadb4754611",
                "sha256:03c49e02adf0b4d68f422fdbd98f7a7c547beb27e99a75ed02298f85cb48406a",
                "sha256:0a1232cdd314e08848825edda06600455ad2a7adaa463ebfb12ece2d09f3370e",
                "sha256:131c80d0958c89273d9720b9adf9df1d7600bb3120e16019a7389ab15b079af5",
                "sha256:2de34cc3b775724623f86617d2601308083176a495f5b2efc2bbb0da154f483a",
                "sha256:2eddc31500f73544a2a54123d4c4b249c3c711d31e64deddb0890982ea37397a",
                "sha256:484f6c62bdc166ee0e5be3aa831120423bf399786d1f3b0304526c86180fbc0b",
                "sha256:4c2d9369ed40b4a44a8ccd6bc3a7db6272b8314812d2d1091f95c4c836d92e06",
                "sha256:70f570b5fa44413b9f30dbc053d17ef3ce6a4100147a10822f8662e58d473656",
                "sha256:7a2b5b095f3bd733aab101c89c0e1a3f0dfb4ebdc26f6374805c086ffe29d5b2",
                "sha256:804914a669186e2843c1f7fbe12b55aad1b36d40a28274abe6027deffad9433d",
                "sha256:8520c03172da18345d012949a53617a963e0191ccb3c666f23276d5326af27b5",
                "sha256:90da901fc33ea393fc644607e4a3916b509387e9339ec6ebc7bfded45b7a0ae9",
                "sha256:a582416ad123291a82c300d1d872bdc4136d69ad0b41d57dc5ca3df7ef8e3088",
                "sha256:ac8c5e20309f4989c296d62cac20ee456b69c41fd1bc03829e27de23b6fa9dd0",
                "sha256:b2cf82f55a619879f8557fdaae5cec7a294fac815e0087c4f67026fdf5259844",
                "sha256:b59d6f8cfca2983d8fdbe457bf95d2192f7b7efdb2b483bf5fa4e8981b04e8b2",
                "sha256:be08168197021d669b9964bd87628fa88f910b1be31e7010901070f2540c05fd",
                "sha256:be0f952f1c365061041bad16e27e224e29615d4eb1fb5b7e7760a1d3d12b90b6",
                "sha256:c1c9a33e46d7c12b9c96cf2d4349d783e3127163fd96254dcd44663cf0a1d438",
                "sha256:d18c89957ac57dd2a2724ecfe9a759912d776f96ecabba23acb9ecbf5c731035",
                "sha256:d7e7b0ff21f39433c50397e60bf0995d078802c591ca3b8d99857ea18a7496ee",
                "sha256:da0929b2bf0d1f365345e5eb940d8713c1d516312e010135b14402e2a3d2404d",
                "sha256:de24a4962e361c512d3e528ded6c7480eab24c655b8ca1f0b761d3b3650d2f07",
                "sha256:e45f93ff3f7dae2202248cf413a87aeb330821bf76998b3cf374eda2fc893dd7",
                "sha256:f046aeae1f7a845041b8661bb7a52449202b6c5d3fb59eb4724e7ca088811904",
                "sha256:f1dc2b7b2748084b890f5d05b65a47cd03188824890e9a60818721fd492249fb",
                "sha256:fcbe7cf3a786572b73d2cd5f34ed452a5f5fac47c9c9d1e0642c457a148f9f88"
            ],
            "index": "pypi",
            "version": "==2.8.2"
        },
        "pytz": {
            "hashes": [
                "sha256:303879e36b721603cc54604edcac9d20401bdbe31e1e4fdee5b9f98d5d31dfda",
                "sha256:d747dd3d23d77ef44c6a3526e274af6efeb0a6f1afd5a69ba4d5be4098c8e141"
            ],
            "version": "==2019.1"
        },
        "six": {
            "hashes": [
                "sha256:3350809f0555b11f552448330d0b52d5f24c91a322ea4a15ef22629740f3761c",
                "sha256:d16a0141ec1a18405cd4ce8b4613101da75da0e9a7aec5bdd4fa804d0e0eba73"
            ],
            "version": "==1.12.0"
        },
        "sqlparse": {
            "hashes": [
                "sha256:40afe6b8d4b1117e7dff5504d7a8ce07d9a1b15aeeade8a2d10f130a834f8177",
                "sha256:7c3dca29c022744e95b547e867cee89f4fce4373f3549ccd8797d8eb52cdb873"
            ],
            "version": "==0.3.0"
        }
    },
    "develop": {
        "astroid": {
            "hashes": [
                "sha256:6560e1e1749f68c64a4b5dee4e091fce798d2f0d84ebe638cf0e0585a343acf4",
                "sha256:b65db1bbaac9f9f4d190199bb8680af6f6f84fd3769a5ea883df8a91fe68b4c4"
            ],
            "version": "==2.2.5"
        },
        "entrypoints": {
            "hashes": [
                "sha256:589f874b313739ad35be6e0cd7efde2a4e9b6fea91edcc34e58ecbb8dbe56d19",
                "sha256:c70dd71abe5a8c85e55e12c19bd91ccfeec11a6e99044204511f9ed547d48451"
            ],
            "version": "==0.3"
        },
        "flake8": {
            "hashes": [
                "sha256:859996073f341f2670741b51ec1e67a01da142831aa1fdc6242dbf88dffbe661",
                "sha256:a796a115208f5c03b18f332f7c11729812c8c3ded6c46319c59b53efd3819da8"
            ],
            "index": "pypi",
            "version": "==3.7.7"
        },
        "isort": {
            "hashes": [
                "sha256:01cb7e1ca5e6c5b3f235f0385057f70558b70d2f00320208825fa62887292f43",
                "sha256:268067462aed7eb2a1e237fcb287852f22077de3fb07964e87e00f829eea2d1a"
            ],
            "version": "==4.3.17"
        },
        "lazy-object-proxy": {
            "hashes": [
                "sha256:0ce34342b419bd8f018e6666bfef729aec3edf62345a53b537a4dcc115746a33",
                "sha256:1b668120716eb7ee21d8a38815e5eb3bb8211117d9a90b0f8e21722c0758cc39",
                "sha256:209615b0fe4624d79e50220ce3310ca1a9445fd8e6d3572a896e7f9146bbf019",
                "sha256:27bf62cb2b1a2068d443ff7097ee33393f8483b570b475db8ebf7e1cba64f088",
                "sha256:27ea6fd1c02dcc78172a82fc37fcc0992a94e4cecf53cb6d73f11749825bd98b",
                "sha256:2c1b21b44ac9beb0fc848d3993924147ba45c4ebc24be19825e57aabbe74a99e",
                "sha256:2df72ab12046a3496a92476020a1a0abf78b2a7db9ff4dc2036b8dd980203ae6",
                "sha256:320ffd3de9699d3892048baee45ebfbbf9388a7d65d832d7e580243ade426d2b",
                "sha256:50e3b9a464d5d08cc5227413db0d1c4707b6172e4d4d915c1c70e4de0bbff1f5",
                "sha256:5276db7ff62bb7b52f77f1f51ed58850e315154249aceb42e7f4c611f0f847ff",
                "sha256:61a6cf00dcb1a7f0c773ed4acc509cb636af2d6337a08f362413c76b2b47a8dd",
                "sha256:6ae6c4cb59f199d8827c5a07546b2ab7e85d262acaccaacd49b62f53f7c456f7",
                "sha256:7661d401d60d8bf15bb5da39e4dd72f5d764c5aff5a86ef52a042506e3e970ff",
                "sha256:7bd527f36a605c914efca5d3d014170b2cb184723e423d26b1fb2fd9108e264d",
                "sha256:7cb54db3535c8686ea12e9535eb087d32421184eacc6939ef15ef50f83a5e7e2",
                "sha256:7f3a2d740291f7f2c111d86a1c4851b70fb000a6c8883a59660d95ad57b9df35",
                "sha256:81304b7d8e9c824d058087dcb89144842c8e0dea6d281c031f59f0acf66963d4",
                "sha256:933947e8b4fbe617a51528b09851685138b49d511af0b6c0da2539115d6d4514",
                "sha256:94223d7f060301b3a8c09c9b3bc3294b56b2188e7d8179c762a1cda72c979252",
                "sha256:ab3ca49afcb47058393b0122428358d2fbe0408cf99f1b58b295cfeb4ed39109",
                "sha256:bd6292f565ca46dee4e737ebcc20742e3b5be2b01556dafe169f6c65d088875f",
                "sha256:cb924aa3e4a3fb644d0c463cad5bc2572649a6a3f68a7f8e4fbe44aaa6d77e4c",
                "sha256:d0fc7a286feac9077ec52a927fc9fe8fe2fabab95426722be4c953c9a8bede92",
                "sha256:ddc34786490a6e4ec0a855d401034cbd1242ef186c20d79d2166d6a4bd449577",
                "sha256:e34b155e36fa9da7e1b7c738ed7767fc9491a62ec6af70fe9da4a057759edc2d",
                "sha256:e5b9e8f6bda48460b7b143c3821b21b452cb3a835e6bbd5dd33aa0c8d3f5137d",
                "sha256:e81ebf6c5ee9684be8f2c87563880f93eedd56dd2b6146d8a725b50b7e5adb0f",
                "sha256:eb91be369f945f10d3a49f5f9be8b3d0b93a4c2be8f8a5b83b0571b8123e0a7a",
                "sha256:f460d1ceb0e4a5dcb2a652db0904224f367c9b3c1470d5a7683c0480e582468b"
            ],
            "version": "==1.3.1"
        },
        "mccabe": {
            "hashes": [
                "sha256:ab8a6258860da4b6677da4bd2fe5dc2c659cff31b3ee4f7f5d64e79735b80d42",
                "sha256:dd8d182285a0fe56bace7f45b5e7d1a6ebcbf524e8f3bd87eb0f125271b8831f"
            ],
            "version": "==0.6.1"
        },
        "pycodestyle": {
            "hashes": [
                "sha256:95a2219d12372f05704562a14ec30bc76b05a5b297b21a5dfe3f6fac3491ae56",
                "sha256:e40a936c9a450ad81df37f549d676d127b1b66000a6c500caa2b085bc0ca976c"
            ],
            "version": "==2.5.0"
        },
        "pydocstyle": {
            "hashes": [
                "sha256:2258f9b0df68b97bf3a6c29003edc5238ff8879f1efb6f1999988d934e432bd8",
                "sha256:5741c85e408f9e0ddf873611085e819b809fca90b619f5fd7f34bd4959da3dd4",
                "sha256:ed79d4ec5e92655eccc21eb0c6cf512e69512b4a97d215ace46d17e4990f2039"
            ],
            "index": "pypi",
            "version": "==3.0.0"
        },
        "pyflakes": {
            "hashes": [
                "sha256:17dbeb2e3f4d772725c777fabc446d5634d1038f234e77343108ce445ea69ce0",
                "sha256:d976835886f8c5b31d47970ed689944a0262b5f3afa00a5a7b4dc81e5449f8a2"
            ],
            "version": "==2.1.1"
        },
        "pylint": {
            "hashes": [
                "sha256:5d77031694a5fb97ea95e828c8d10fc770a1df6eb3906067aaed42201a8a6a09",
                "sha256:723e3db49555abaf9bf79dc474c6b9e2935ad82230b10c1138a71ea41ac0fff1"
            ],
            "index": "pypi",
            "version": "==2.3.1"
        },
        "pylint-django": {
            "hashes": [
                "sha256:6949f790249d10f95f34e7bc1673ad4570c30bc5dcbd843eab99493b2e04079b",
                "sha256:befb69b47843ffd8a0af7b0f7555d819f5b2dab425b4f07ed229cc2dbf01ad94"
            ],
            "index": "pypi",
            "version": "==2.0.8"
        },
        "pylint-plugin-utils": {
            "hashes": [
                "sha256:8d9e31d5ea8b7b0003e1f0f136b44a5235896a32e47c5bc2ef1143e9f6ba0b74"
            ],
            "version": "==0.5"
        },
        "six": {
            "hashes": [
                "sha256:3350809f0555b11f552448330d0b52d5f24c91a322ea4a15ef22629740f3761c",
                "sha256:d16a0141ec1a18405cd4ce8b4613101da75da0e9a7aec5bdd4fa804d0e0eba73"
            ],
            "version": "==1.12.0"
        },
        "snowballstemmer": {
            "hashes": [
                "sha256:919f26a68b2c17a7634da993d91339e288964f93c274f1343e3bbbe2096e1128",
                "sha256:9f3bcd3c401c3e862ec0ebe6d2c069ebc012ce142cce209c098ccb5b09136e89"
            ],
            "version": "==1.2.1"
        },
        "typed-ast": {
            "hashes": [
                "sha256:04894d268ba6eab7e093d43107869ad49e7b5ef40d1a94243ea49b352061b200",
                "sha256:16616ece19daddc586e499a3d2f560302c11f122b9c692bc216e821ae32aa0d0",
                "sha256:252fdae740964b2d3cdfb3f84dcb4d6247a48a6abe2579e8029ab3be3cdc026c",
                "sha256:2af80a373af123d0b9f44941a46df67ef0ff7a60f95872412a145f4500a7fc99",
                "sha256:2c88d0a913229a06282b285f42a31e063c3bf9071ff65c5ea4c12acb6977c6a7",
                "sha256:2ea99c029ebd4b5a308d915cc7fb95b8e1201d60b065450d5d26deb65d3f2bc1",
                "sha256:3d2e3ab175fc097d2a51c7a0d3fda442f35ebcc93bb1d7bd9b95ad893e44c04d",
                "sha256:4766dd695548a15ee766927bf883fb90c6ac8321be5a60c141f18628fb7f8da8",
                "sha256:56b6978798502ef66625a2e0f80cf923da64e328da8bbe16c1ff928c70c873de",
                "sha256:5cddb6f8bce14325b2863f9d5ac5c51e07b71b462361fd815d1d7706d3a9d682",
                "sha256:644ee788222d81555af543b70a1098f2025db38eaa99226f3a75a6854924d4db",
                "sha256:64cf762049fc4775efe6b27161467e76d0ba145862802a65eefc8879086fc6f8",
                "sha256:68c362848d9fb71d3c3e5f43c09974a0ae319144634e7a47db62f0f2a54a7fa7",
                "sha256:6c1f3c6f6635e611d58e467bf4371883568f0de9ccc4606f17048142dec14a1f",
                "sha256:b213d4a02eec4ddf622f4d2fbc539f062af3788d1f332f028a2e19c42da53f15",
                "sha256:bb27d4e7805a7de0e35bd0cb1411bc85f807968b2b0539597a49a23b00a622ae",
                "sha256:c9d414512eaa417aadae7758bc118868cd2396b0e6138c1dd4fda96679c079d3",
                "sha256:f0937165d1e25477b01081c4763d2d9cdc3b18af69cb259dd4f640c9b900fe5e",
                "sha256:fb96a6e2c11059ecf84e6741a319f93f683e440e341d4489c9b161eca251cf2a",
                "sha256:fc71d2d6ae56a091a8d94f33ec9d0f2001d1cb1db423d8b4355debfe9ce689b7"
            ],
            "markers": "implementation_name == 'cpython'",
            "version": "==1.3.4"
        },
        "wrapt": {
            "hashes": [
                "sha256:4aea003270831cceb8a90ff27c4031da6ead7ec1886023b80ce0dfe0adf61533"
            ],
            "version": "==1.11.1"
        }
    }
}
